
Microsoft Visual Studio Solution File, Format Version 12.00
# Visual Studio Version 16
VisualStudioVersion = 16.0.30717.126
MinimumVisualStudioVersion = 10.0.40219.1
Project("{9A19103F-16F7-4668-BE54-9A1E7A4F7556}") = "MatheKönig.Core", "MatheRechner.Core\MatheKönig.Core.csproj", "{0D881F56-9F4A-4D7D-ADF5-8ABE2ECD7B7B}"
EndProject
Project("{9A19103F-16F7-4668-BE54-9A1E7A4F7556}") = "MatheKönig.WpfApp", "MatheRechner.WpfApp\MatheKönig.WpfApp.csproj", "{3D8E5D24-5B82-4E4F-8E55-79C0F9FD3CB1}"
EndProject
Global
	GlobalSection(SolutionConfigurationPlatforms) = preSolution
		Debug|Any CPU = Debug|Any CPU
		Release|Any CPU = Release|Any CPU
	EndGlobalSection
	GlobalSection(ProjectConfigurationPlatforms) = postSolution
		{0D881F56-9F4A-4D7D-ADF5-8ABE2ECD7B7B}.Debug|Any CPU.ActiveCfg = Debug|Any CPU
		{0D881F56-9F4A-4D7D-ADF5-8ABE2ECD7B7B}.Debug|Any CPU.Build.0 = Debug|Any CPU
		{0D881F56-9F4A-4D7D-ADF5-8ABE2ECD7B7B}.Release|Any CPU.ActiveCfg = Release|Any CPU
		{0D881F56-9F4A-4D7D-ADF5-8ABE2ECD7B7B}.Release|Any CPU.Build.0 = Release|Any CPU
		{3D8E5D24-5B82-4E4F-8E55-79C0F9FD3CB1}.Debug|Any CPU.ActiveCfg = Debug|Any CPU
		{3D8E5D24-5B82-4E4F-8E55-79C0F9FD3CB1}.Debug|Any CPU.Build.0 = Debug|Any CPU
		{3D8E5D24-5B82-4E4F-8E55-79C0F9FD3CB1}.Release|Any CPU.ActiveCfg = Release|Any CPU
		{3D8E5D24-5B82-4E4F-8E55-79C0F9FD3CB1}.Release|Any CPU.Build.0 = Release|Any CPU
	EndGlobalSection
	GlobalSection(SolutionProperties) = preSolution
		HideSolutionNode = FALSE
	EndGlobalSection
	GlobalSection(ExtensibilityGlobals) = postSolution
		SolutionGuid = {D70C801A-2848-4363-AF98-BA06906708E1}
	EndGlobalSection
EndGlobal
